
Microsoft Visual Studio Solution File, Format Version 12.00
# Visual Studio Version 17
VisualStudioVersion = 17.3.32825.248
MinimumVisualStudioVersion = 10.0.40219.1
Project("{FAE04EC0-301F-11D3-BF4B-00C04F79EFBC}") = "AlgortimaSorulari-1", "AlgortimaSorulari-1\AlgortimaSorulari-1.csproj", "{F671CC99-5F17-4E35-8DE5-E2B06BBBE117}"
EndProject
Project("{FAE04EC0-301F-11D3-BF4B-00C04F79EFBC}") = "AlgorirtmaSorulari-2", "AlgorirtmaSorulari-2\AlgorirtmaSorulari-2.csproj", "{890CC106-1C74-42D8-8541-394BD78B0031}"
EndProject
Global
	GlobalSection(SolutionConfigurationPlatforms) = preSolution
		Debug|Any CPU = Debug|Any CPU
		Release|Any CPU = Release|Any CPU
	EndGlobalSection
	GlobalSection(ProjectConfigurationPlatforms) = postSolution
		{F671CC99-5F17-4E35-8DE5-E2B06BBBE117}.Debug|Any CPU.ActiveCfg = Debug|Any CPU
		{F671CC99-5F17-4E35-8DE5-E2B06BBBE117}.Debug|Any CPU.Build.0 = Debug|Any CPU
		{F671CC99-5F17-4E35-8DE5-E2B06BBBE117}.Release|Any CPU.ActiveCfg = Release|Any CPU
		{F671CC99-5F17-4E35-8DE5-E2B06BBBE117}.Release|Any CPU.Build.0 = Release|Any CPU
		{890CC106-1C74-42D8-8541-394BD78B0031}.Debug|Any CPU.ActiveCfg = Debug|Any CPU
		{890CC106-1C74-42D8-8541-394BD78B0031}.Debug|Any CPU.Build.0 = Debug|Any CPU
		{890CC106-1C74-42D8-8541-394BD78B0031}.Release|Any CPU.ActiveCfg = Release|Any CPU
		{890CC106-1C74-42D8-8541-394BD78B0031}.Release|Any CPU.Build.0 = Release|Any CPU
	EndGlobalSection
	GlobalSection(SolutionProperties) = preSolution
		HideSolutionNode = FALSE
	EndGlobalSection
	GlobalSection(ExtensibilityGlobals) = postSolution
		SolutionGuid = {21843027-C92D-4173-914B-BA3C6376A38D}
	EndGlobalSection
EndGlobal
